// !$*UTF8*$!
{
	archiveVersion = 1;
	classes = {
	};
	objectVersion = 55;
	objects = {

/* Begin PBXBuildFile section */
		7F335C29283772AB0052C3CE /* CoinModel.swift in Sources */ = {isa = PBXBuildFile; fileRef = 7F335C28283772AB0052C3CE /* CoinModel.swift */; };
		7F335C2D2837786D0052C3CE /* ContentViewModel.swift in Sources */ = {isa = PBXBuildFile; fileRef = 7F335C2C2837786D0052C3CE /* ContentViewModel.swift */; };
		7F335C31283781E70052C3CE /* DataService.swift in Sources */ = {isa = PBXBuildFile; fileRef = 7F335C30283781E70052C3CE /* DataService.swift */; };
		7F335C3428378DE10052C3CE /* NetworkingManager.swift in Sources */ = {isa = PBXBuildFile; fileRef = 7F335C3328378DE10052C3CE /* NetworkingManager.swift */; };
		7F335C36283794330052C3CE /* CoinRowView.swift in Sources */ = {isa = PBXBuildFile; fileRef = 7F335C35283794330052C3CE /* CoinRowView.swift */; };
		7F4865B3283B608300C878BF /* PreviewProviders.swift in Sources */ = {isa = PBXBuildFile; fileRef = 7F4865B2283B608300C878BF /* PreviewProviders.swift */; };
		7F4865B6283B7C5F00C878BF /* Double.swift in Sources */ = {isa = PBXBuildFile; fileRef = 7F4865B5283B7C5F00C878BF /* Double.swift */; };
		7F486ACE2836205D008ED742 /* CryptoWithNickApp.swift in Sources */ = {isa = PBXBuildFile; fileRef = 7F486ACD2836205D008ED742 /* CryptoWithNickApp.swift */; };
		7F486AD02836205D008ED742 /* ContentView.swift in Sources */ = {isa = PBXBuildFile; fileRef = 7F486ACF2836205D008ED742 /* ContentView.swift */; };
		7F486AD22836205E008ED742 /* Assets.xcassets in Resources */ = {isa = PBXBuildFile; fileRef = 7F486AD12836205E008ED742 /* Assets.xcassets */; };
		7F486AD52836205E008ED742 /* Preview Assets.xcassets in Resources */ = {isa = PBXBuildFile; fileRef = 7F486AD42836205E008ED742 /* Preview Assets.xcassets */; };
		7F486ADD2836237D008ED742 /* Color.swift in Sources */ = {isa = PBXBuildFile; fileRef = 7F486ADC2836237D008ED742 /* Color.swift */; };
		7F93E408283632A000B90B34 /* ButtonView.swift in Sources */ = {isa = PBXBuildFile; fileRef = 7F93E407283632A000B90B34 /* ButtonView.swift */; };
		7F93E40C2836419900B90B34 /* CircleButtonAnymationView.swift in Sources */ = {isa = PBXBuildFile; fileRef = 7F93E40B2836419900B90B34 /* CircleButtonAnymationView.swift */; };
/* End PBXBuildFile section */

/* Begin PBXFileReference section */
		7F335C28283772AB0052C3CE /* CoinModel.swift */ = {isa = PBXFileReference; lastKnownFileType = sourcecode.swift; path = CoinModel.swift; sourceTree = "<group>"; };
		7F335C2C2837786D0052C3CE /* ContentViewModel.swift */ = {isa = PBXFileReference; lastKnownFileType = sourcecode.swift; path = ContentViewModel.swift; sourceTree = "<group>"; };
		7F335C30283781E70052C3CE /* DataService.swift */ = {isa = PBXFileReference; lastKnownFileType = sourcecode.swift; path = DataService.swift; sourceTree = "<group>"; };
		7F335C3328378DE10052C3CE /* NetworkingManager.swift */ = {isa = PBXFileReference; lastKnownFileType = sourcecode.swift; path = NetworkingManager.swift; sourceTree = "<group>"; };
		7F335C35283794330052C3CE /* CoinRowView.swift */ = {isa = PBXFileReference; lastKnownFileType = sourcecode.swift; path = CoinRowView.swift; sourceTree = "<group>"; };
		7F4865B2283B608300C878BF /* PreviewProviders.swift */ = {isa = PBXFileReference; lastKnownFileType = sourcecode.swift; path = PreviewProviders.swift; sourceTree = "<group>"; };
		7F4865B4283B715700C878BF /* Info.plist */ = {isa = PBXFileReference; lastKnownFileType = text.plist; path = Info.plist; sourceTree = "<group>"; };
		7F4865B5283B7C5F00C878BF /* Double.swift */ = {isa = PBXFileReference; lastKnownFileType = sourcecode.swift; path = Double.swift; sourceTree = "<group>"; };
		7F486ACA2836205D008ED742 /* CryptoWithNick.app */ = {isa = PBXFileReference; explicitFileType = wrapper.application; includeInIndex = 0; path = CryptoWithNick.app; sourceTree = BUILT_PRODUCTS_DIR; };
		7F486ACD2836205D008ED742 /* CryptoWithNickApp.swift */ = {isa = PBXFileReference; lastKnownFileType = sourcecode.swift; path = CryptoWithNickApp.swift; sourceTree = "<group>"; };
		7F486ACF2836205D008ED742 /* ContentView.swift */ = {isa = PBXFileReference; lastKnownFileType = sourcecode.swift; path = ContentView.swift; sourceTree = "<group>"; };
		7F486AD12836205E008ED742 /* Assets.xcassets */ = {isa = PBXFileReference; lastKnownFileType = folder.assetcatalog; path = Assets.xcassets; sourceTree = "<group>"; };
		7F486AD42836205E008ED742 /* Preview Assets.xcassets */ = {isa = PBXFileReference; lastKnownFileType = folder.assetcatalog; path = "Preview Assets.xcassets"; sourceTree = "<group>"; };
		7F486ADC2836237D008ED742 /* Color.swift */ = {isa = PBXFileReference; lastKnownFileType = sourcecode.swift; path = Color.swift; sourceTree = "<group>"; };
		7F93E407283632A000B90B34 /* ButtonView.swift */ = {isa = PBXFileReference; lastKnownFileType = sourcecode.swift; path = ButtonView.swift; sourceTree = "<group>"; };
		7F93E40B2836419900B90B34 /* CircleButtonAnymationView.swift */ = {isa = PBXFileReference; lastKnownFileType = sourcecode.swift; path = CircleButtonAnymationView.swift; sourceTree = "<group>"; };
/* End PBXFileReference section */

/* Begin PBXFrameworksBuildPhase section */
		7F486AC72836205D008ED742 /* Frameworks */ = {
			isa = PBXFrameworksBuildPhase;
			buildActionMask = 2147483647;
			files = (
			);
			runOnlyForDeploymentPostprocessing = 0;
		};
/* End PBXFrameworksBuildPhase section */

/* Begin PBXGroup section */
		7F335C2A283777FF0052C3CE /* View */ = {
			isa = PBXGroup;
			children = (
				7F93E407283632A000B90B34 /* ButtonView.swift */,
				7F93E40B2836419900B90B34 /* CircleButtonAnymationView.swift */,
				7F486ACF2836205D008ED742 /* ContentView.swift */,
				7F335C35283794330052C3CE /* CoinRowView.swift */,
			);
			path = View;
			sourceTree = "<group>";
		};
		7F335C2B283778590052C3CE /* ViewModel */ = {
			isa = PBXGroup;
			children = (
				7F335C2C2837786D0052C3CE /* ContentViewModel.swift */,
			);
			path = ViewModel;
			sourceTree = "<group>";
		};
		7F335C2E283781B00052C3CE /* Model */ = {
			isa = PBXGroup;
			children = (
				7F335C28283772AB0052C3CE /* CoinModel.swift */,
			);
			path = Model;
			sourceTree = "<group>";
		};
		7F335C2F283781C50052C3CE /* Service */ = {
			isa = PBXGroup;
			children = (
				7F335C30283781E70052C3CE /* DataService.swift */,
			);
			path = Service;
			sourceTree = "<group>";
		};
		7F335C3228378DA80052C3CE /* Utilities */ = {
			isa = PBXGroup;
			children = (
				7F335C3328378DE10052C3CE /* NetworkingManager.swift */,
			);
			path = Utilities;
			sourceTree = "<group>";
		};
		7F486AC12836205D008ED742 = {
			isa = PBXGroup;
			children = (
				7F486ACC2836205D008ED742 /* CryptoWithNick */,
				7F486ACB2836205D008ED742 /* Products */,
			);
			sourceTree = "<group>";
		};
		7F486ACB2836205D008ED742 /* Products */ = {
			isa = PBXGroup;
			children = (
				7F486ACA2836205D008ED742 /* CryptoWithNick.app */,
			);
			name = Products;
			sourceTree = "<group>";
		};
		7F486ACC2836205D008ED742 /* CryptoWithNick */ = {
			isa = PBXGroup;
			children = (
				7F4865B4283B715700C878BF /* Info.plist */,
				7F486ACD2836205D008ED742 /* CryptoWithNickApp.swift */,
				7F335C3228378DA80052C3CE /* Utilities */,
				7F335C2F283781C50052C3CE /* Service */,
				7F335C2E283781B00052C3CE /* Model */,
				7F335C2B283778590052C3CE /* ViewModel */,
				7F335C2A283777FF0052C3CE /* View */,
				7F486ADB28362355008ED742 /* Extensions */,
				7F486AD12836205E008ED742 /* Assets.xcassets */,
				7F486AD32836205E008ED742 /* Preview Content */,
			);
			path = CryptoWithNick;
			sourceTree = "<group>";
		};
		7F486AD32836205E008ED742 /* Preview Content */ = {
			isa = PBXGroup;
			children = (
				7F486AD42836205E008ED742 /* Preview Assets.xcassets */,
			);
			path = "Preview Content";
			sourceTree = "<group>";
		};
		7F486ADB28362355008ED742 /* Extensions */ = {
			isa = PBXGroup;
			children = (
				7F486ADC2836237D008ED742 /* Color.swift */,
				7F4865B2283B608300C878BF /* PreviewProviders.swift */,
				7F4865B5283B7C5F00C878BF /* Double.swift */,
			);
			path = Extensions;
			sourceTree = "<group>";
		};
/* End PBXGroup section */

/* Begin PBXNativeTarget section */
		7F486AC92836205D008ED742 /* CryptoWithNick */ = {
			isa = PBXNativeTarget;
			buildConfigurationList = 7F486AD82836205E008ED742 /* Build configuration list for PBXNativeTarget "CryptoWithNick" */;
			buildPhases = (
				7F486AC62836205D008ED742 /* Sources */,
				7F486AC72836205D008ED742 /* Frameworks */,
				7F486AC82836205D008ED742 /* Resources */,
			);
			buildRules = (
			);
			dependencies = (
			);
			name = CryptoWithNick;
			productName = CryptoWithNick;
			productReference = 7F486ACA2836205D008ED742 /* CryptoWithNick.app */;
			productType = "com.apple.product-type.application";
		};
/* End PBXNativeTarget section */

/* Begin PBXProject section */
		7F486AC22836205D008ED742 /* Project object */ = {
			isa = PBXProject;
			attributes = {
				BuildIndependentTargetsInParallel = 1;
				LastSwiftUpdateCheck = 1340;
				LastUpgradeCheck = 1340;
				TargetAttributes = {
					7F486AC92836205D008ED742 = {
						CreatedOnToolsVersion = 13.4;
					};
				};
			};
			buildConfigurationList = 7F486AC52836205D008ED742 /* Build configuration list for PBXProject "CryptoWithNick" */;
			compatibilityVersion = "Xcode 13.0";
			developmentRegion = en;
			hasScannedForEncodings = 0;
			knownRegions = (
				en,
				Base,
			);
			mainGroup = 7F486AC12836205D008ED742;
			productRefGroup = 7F486ACB2836205D008ED742 /* Products */;
			projectDirPath = "";
			projectRoot = "";
			targets = (
				7F486AC92836205D008ED742 /* CryptoWithNick */,
			);
		};
/* End PBXProject section */

/* Begin PBXResourcesBuildPhase section */
		7F486AC82836205D008ED742 /* Resources */ = {
			isa = PBXResourcesBuildPhase;
			buildActionMask = 2147483647;
			files = (
				7F486AD52836205E008ED742 /* Preview Assets.xcassets in Resources */,
				7F486AD22836205E008ED742 /* Assets.xcassets in Resources */,
			);
			runOnlyForDeploymentPostprocessing = 0;
		};
/* End PBXResourcesBuildPhase section */

/* Begin PBXSourcesBuildPhase section */
		7F486AC62836205D008ED742 /* Sources */ = {
			isa = PBXSourcesBuildPhase;
			buildActionMask = 2147483647;
			files = (
				7F486AD02836205D008ED742 /* ContentView.swift in Sources */,
				7F93E40C2836419900B90B34 /* CircleButtonAnymationView.swift in Sources */,
				7F335C36283794330052C3CE /* CoinRowView.swift in Sources */,
				7F4865B3283B608300C878BF /* PreviewProviders.swift in Sources */,
				7F486ACE2836205D008ED742 /* CryptoWithNickApp.swift in Sources */,
				7F335C2D2837786D0052C3CE /* ContentViewModel.swift in Sources */,
				7F93E408283632A000B90B34 /* ButtonView.swift in Sources */,
				7F335C29283772AB0052C3CE /* CoinModel.swift in Sources */,
				7F335C3428378DE10052C3CE /* NetworkingManager.swift in Sources */,
				7F486ADD2836237D008ED742 /* Color.swift in Sources */,
				7F4865B6283B7C5F00C878BF /* Double.swift in Sources */,
				7F335C31283781E70052C3CE /* DataService.swift in Sources */,
			);
			runOnlyForDeploymentPostprocessing = 0;
		};
/* End PBXSourcesBuildPhase section */

/* Begin XCBuildConfiguration section */
		7F486AD62836205E008ED742 /* Debug */ = {
			isa = XCBuildConfiguration;
			buildSettings = {
				ALWAYS_SEARCH_USER_PATHS = NO;
				CLANG_ANALYZER_NONNULL = YES;
				CLANG_ANALYZER_NUMBER_OBJECT_CONVERSION = YES_AGGRESSIVE;
				CLANG_CXX_LANGUAGE_STANDARD = "gnu++17";
				CLANG_ENABLE_MODULES = YES;
				CLANG_ENABLE_OBJC_ARC = YES;
				CLANG_ENABLE_OBJC_WEAK = YES;
				CLANG_WARN_BLOCK_CAPTURE_AUTORELEASING = YES;
				CLANG_WARN_BOOL_CONVERSION = YES;
				CLANG_WARN_COMMA = YES;
				CLANG_WARN_CONSTANT_CONVERSION = YES;
				CLANG_WARN_DEPRECATED_OBJC_IMPLEMENTATIONS = YES;
				CLANG_WARN_DIRECT_OBJC_ISA_USAGE = YES_ERROR;
				CLANG_WARN_DOCUMENTATION_COMMENTS = YES;
				CLANG_WARN_EMPTY_BODY = YES;
				CLANG_WARN_ENUM_CONVERSION = YES;
				CLANG_WARN_INFINITE_RECURSION = YES;
				CLANG_WARN_INT_CONVERSION = YES;
				CLANG_WARN_NON_LITERAL_NULL_CONVERSION = YES;
				CLANG_WARN_OBJC_IMPLICIT_RETAIN_SELF = YES;
				CLANG_WARN_OBJC_LITERAL_CONVERSION = YES;
				CLANG_WARN_OBJC_ROOT_CLASS = YES_ERROR;
				CLANG_WARN_QUOTED_INCLUDE_IN_FRAMEWORK_HEADER = YES;
				CLANG_WARN_RANGE_LOOP_ANALYSIS = YES;
				CLANG_WARN_STRICT_PROTOTYPES = YES;
				CLANG_WARN_SUSPICIOUS_MOVE = YES;
				CLANG_WARN_UNGUARDED_AVAILABILITY = YES_AGGRESSIVE;
				CLANG_WARN_UNREACHABLE_CODE = YES;
				CLANG_WARN__DUPLICATE_METHOD_MATCH = YES;
				COPY_PHASE_STRIP = NO;
				DEBUG_INFORMATION_FORMAT = dwarf;
				ENABLE_STRICT_OBJC_MSGSEND = YES;
				ENABLE_TESTABILITY = YES;
				GCC_C_LANGUAGE_STANDARD = gnu11;
				GCC_DYNAMIC_NO_PIC = NO;
				GCC_NO_COMMON_BLOCKS = YES;
				GCC_OPTIMIZATION_LEVEL = 0;
				GCC_PREPROCESSOR_DEFINITIONS = (
					"DEBUG=1",
					"$(inherited)",
				);
				GCC_WARN_64_TO_32_BIT_CONVERSION = YES;
				GCC_WARN_ABOUT_RETURN_TYPE = YES_ERROR;
				GCC_WARN_UNDECLARED_SELECTOR = YES;
				GCC_WARN_UNINITIALIZED_AUTOS = YES_AGGRESSIVE;
				GCC_WARN_UNUSED_FUNCTION = YES;
				GCC_WARN_UNUSED_VARIABLE = YES;
				IPHONEOS_DEPLOYMENT_TARGET = 15.5;
				MTL_ENABLE_DEBUG_INFO = INCLUDE_SOURCE;
				MTL_FAST_MATH = YES;
				ONLY_ACTIVE_ARCH = YES;
				SDKROOT = iphoneos;
				SWIFT_ACTIVE_COMPILATION_CONDITIONS = DEBUG;
				SWIFT_OPTIMIZATION_LEVEL = "-Onone";
			};
			name = Debug;
		};
		7F486AD72836205E008ED742 /* Release */ = {
			isa = XCBuildConfiguration;
			buildSettings = {
				ALWAYS_SEARCH_USER_PATHS = NO;
				CLANG_ANALYZER_NONNULL = YES;
				CLANG_ANALYZER_NUMBER_OBJECT_CONVERSION = YES_AGGRESSIVE;
				CLANG_CXX_LANGUAGE_STANDARD = "gnu++17";
				CLANG_ENABLE_MODULES = YES;
				CLANG_ENABLE_OBJC_ARC = YES;
				CLANG_ENABLE_OBJC_WEAK = YES;
				CLANG_WARN_BLOCK_CAPTURE_AUTORELEASING = YES;
				CLANG_WARN_BOOL_CONVERSION = YES;
				CLANG_WARN_COMMA = YES;
				CLANG_WARN_CONSTANT_CONVERSION = YES;
				CLANG_WARN_DEPRECATED_OBJC_IMPLEMENTATIONS = YES;
				CLANG_WARN_DIRECT_OBJC_ISA_USAGE = YES_ERROR;
				CLANG_WARN_DOCUMENTATION_COMMENTS = YES;
				CLANG_WARN_EMPTY_BODY = YES;
				CLANG_WARN_ENUM_CONVERSION = YES;
				CLANG_WARN_INFINITE_RECURSION = YES;
				CLANG_WARN_INT_CONVERSION = YES;
				CLANG_WARN_NON_LITERAL_NULL_CONVERSION = YES;
				CLANG_WARN_OBJC_IMPLICIT_RETAIN_SELF = YES;
				CLANG_WARN_OBJC_LITERAL_CONVERSION = YES;
				CLANG_WARN_OBJC_ROOT_CLASS = YES_ERROR;
				CLANG_WARN_QUOTED_INCLUDE_IN_FRAMEWORK_HEADER = YES;
				CLANG_WARN_RANGE_LOOP_ANALYSIS = YES;
				CLANG_WARN_STRICT_PROTOTYPES = YES;
				CLANG_WARN_SUSPICIOUS_MOVE = YES;
				CLANG_WARN_UNGUARDED_AVAILABILITY = YES_AGGRESSIVE;
				CLANG_WARN_UNREACHABLE_CODE = YES;
				CLANG_WARN__DUPLICATE_METHOD_MATCH = YES;
				COPY_PHASE_STRIP = NO;
				DEBUG_INFORMATION_FORMAT = "dwarf-with-dsym";
				ENABLE_NS_ASSERTIONS = NO;
				ENABLE_STRICT_OBJC_MSGSEND = YES;
				GCC_C_LANGUAGE_STANDARD = gnu11;
				GCC_NO_COMMON_BLOCKS = YES;
				GCC_WARN_64_TO_32_BIT_CONVERSION = YES;
				GCC_WARN_ABOUT_RETURN_TYPE = YES_ERROR;
				GCC_WARN_UNDECLARED_SELECTOR = YES;
				GCC_WARN_UNINITIALIZED_AUTOS = YES_AGGRESSIVE;
				GCC_WARN_UNUSED_FUNCTION = YES;
				GCC_WARN_UNUSED_VARIABLE = YES;
				IPHONEOS_DEPLOYMENT_TARGET = 15.5;
				MTL_ENABLE_DEBUG_INFO = NO;
				MTL_FAST_MATH = YES;
				SDKROOT = iphoneos;
				SWIFT_COMPILATION_MODE = wholemodule;
				SWIFT_OPTIMIZATION_LEVEL = "-O";
				VALIDATE_PRODUCT = YES;
			};
			name = Release;
		};
		7F486AD92836205E008ED742 /* Debug */ = {
			isa = XCBuildConfiguration;
			buildSettings = {
				ASSETCATALOG_COMPILER_APPICON_NAME = AppIcon;
				ASSETCATALOG_COMPILER_GLOBAL_ACCENT_COLOR_NAME = AccentColor;
				CODE_SIGN_STYLE = Automatic;
				CURRENT_PROJECT_VERSION = 1;
				DEVELOPMENT_ASSET_PATHS = "\"CryptoWithNick/Preview Content\"";
				DEVELOPMENT_TEAM = JSZ2KS27AG;
				ENABLE_PREVIEWS = YES;
				GENERATE_INFOPLIST_FILE = YES;
				INFOPLIST_FILE = CryptoWithNick/Info.plist;
				INFOPLIST_KEY_UIApplicationSceneManifest_Generation = YES;
				INFOPLIST_KEY_UIApplicationSupportsIndirectInputEvents = YES;
				INFOPLIST_KEY_UILaunchScreen_Generation = YES;
				INFOPLIST_KEY_UISupportedInterfaceOrientations_iPad = "UIInterfaceOrientationPortrait UIInterfaceOrientationPortraitUpsideDown UIInterfaceOrientationLandscapeLeft UIInterfaceOrientationLandscapeRight";
				INFOPLIST_KEY_UISupportedInterfaceOrientations_iPhone = "UIInterfaceOrientationPortrait UIInterfaceOrientationLandscapeLeft UIInterfaceOrientationLandscapeRight";
				LD_RUNPATH_SEARCH_PATHS = (
					"$(inherited)",
					"@executable_path/Frameworks",
				);
				MARKETING_VERSION = 1.0;
				PRODUCT_BUNDLE_IDENTIFIER = threegod1108.CryptoWithNick;
				PRODUCT_NAME = "$(TARGET_NAME)";
				SWIFT_EMIT_LOC_STRINGS = YES;
				SWIFT_VERSION = 5.0;
				TARGETED_DEVICE_FAMILY = "1,2";
			};
			name = Debug;
		};
		7F486ADA2836205E008ED742 /* Release */ = {
			isa = XCBuildConfiguration;
			buildSettings = {
				ASSETCATALOG_COMPILER_APPICON_NAME = AppIcon;
				ASSETCATALOG_COMPILER_GLOBAL_ACCENT_COLOR_NAME = AccentColor;
				CODE_SIGN_STYLE = Automatic;
				CURRENT_PROJECT_VERSION = 1;
				DEVELOPMENT_ASSET_PATHS = "\"CryptoWithNick/Preview Content\"";
				DEVELOPMENT_TEAM = JSZ2KS27AG;
				ENABLE_PREVIEWS = YES;
				GENERATE_INFOPLIST_FILE = YES;
				INFOPLIST_FILE = CryptoWithNick/Info.plist;
				INFOPLIST_KEY_UIApplicationSceneManifest_Generation = YES;
				INFOPLIST_KEY_UIApplicationSupportsIndirectInputEvents = YES;
				INFOPLIST_KEY_UILaunchScreen_Generation = YES;
				INFOPLIST_KEY_UISupportedInterfaceOrientations_iPad = "UIInterfaceOrientationPortrait UIInterfaceOrientationPortraitUpsideDown UIInterfaceOrientationLandscapeLeft UIInterfaceOrientationLandscapeRight";
				INFOPLIST_KEY_UISupportedInterfaceOrientations_iPhone = "UIInterfaceOrientationPortrait UIInterfaceOrientationLandscapeLeft UIInterfaceOrientationLandscapeRight";
				LD_RUNPATH_SEARCH_PATHS = (
					"$(inherited)",
					"@executable_path/Frameworks",
				);
				MARKETING_VERSION = 1.0;
				PRODUCT_BUNDLE_IDENTIFIER = threegod1108.CryptoWithNick;
				PRODUCT_NAME = "$(TARGET_NAME)";
				SWIFT_EMIT_LOC_STRINGS = YES;
				SWIFT_VERSION = 5.0;
				TARGETED_DEVICE_FAMILY = "1,2";
			};
			name = Release;
		};
/* End XCBuildConfiguration section */

/* Begin XCConfigurationList section */
		7F486AC52836205D008ED742 /* Build configuration list for PBXProject "CryptoWithNick" */ = {
			isa = XCConfigurationList;
			buildConfigurations = (
				7F486AD62836205E008ED742 /* Debug */,
				7F486AD72836205E008ED742 /* Release */,
			);
			defaultConfigurationIsVisible = 0;
			defaultConfigurationName = Release;
		};
		7F486AD82836205E008ED742 /* Build configuration list for PBXNativeTarget "CryptoWithNick" */ = {
			isa = XCConfigurationList;
			buildConfigurations = (
				7F486AD92836205E008ED742 /* Debug */,
				7F486ADA2836205E008ED742 /* Release */,
			);
			defaultConfigurationIsVisible = 0;
			defaultConfigurationName = Release;
		};
/* End XCConfigurationList section */
	};
	rootObject = 7F486AC22836205D008ED742 /* Project object */;
}
